
Microsoft Visual Studio Solution File, Format Version 12.00
# Visual Studio 15
VisualStudioVersion = 15.0.28307.1000
MinimumVisualStudioVersion = 10.0.40219.1
Project("{FAE04EC0-301F-11D3-BF4B-00C04F79EFBC}") = "DotNetCorePractice", "DotNetCorePractice\DotNetCorePractice.csproj", "{43B21EF9-1A93-4461-9CC1-DFDE5B8CE591}"
EndProject
Global
	GlobalSection(SolutionConfigurationPlatforms) = preSolution
		Debug|Any CPU = Debug|Any CPU
		Release|Any CPU = Release|Any CPU
	EndGlobalSection
	GlobalSection(ProjectConfigurationPlatforms) = postSolution
		{43B21EF9-1A93-4461-9CC1-DFDE5B8CE591}.Debug|Any CPU.ActiveCfg = Debug|Any CPU
		{43B21EF9-1A93-4461-9CC1-DFDE5B8CE591}.Debug|Any CPU.Build.0 = Debug|Any CPU
		{43B21EF9-1A93-4461-9CC1-DFDE5B8CE591}.Release|Any CPU.ActiveCfg = Release|Any CPU
		{43B21EF9-1A93-4461-9CC1-DFDE5B8CE591}.Release|Any CPU.Build.0 = Release|Any CPU
	EndGlobalSection
	GlobalSection(SolutionProperties) = preSolution
		HideSolutionNode = FALSE
	EndGlobalSection
	GlobalSection(ExtensibilityGlobals) = postSolution
		SolutionGuid = {DE2ABE90-CA3D-45DF-87D6-36F75FB4A6CD}
	EndGlobalSection
EndGlobal
